
Microsoft Visual Studio Solution File, Format Version 12.00
# Visual Studio Version 16
VisualStudioVersion = 16.0.31729.503
MinimumVisualStudioVersion = 10.0.40219.1
Project("{9A19103F-16F7-4668-BE54-9A1E7A4F7556}") = "EsercitazioneWeek7", "EsercitazioneWeek7\EsercitazioneWeek7.csproj", "{2EF97BFB-700A-4B23-AAA2-817E0C239F61}"
EndProject
Project("{FAE04EC0-301F-11D3-BF4B-00C04F79EFBC}") = "UtenteNonTrovato", "UtenteNonTrovato\UtenteNonTrovato.csproj", "{F13183A6-2728-4B3A-881B-007DAA5BFEE0}"
EndProject
Global
	GlobalSection(SolutionConfigurationPlatforms) = preSolution
		Debug|Any CPU = Debug|Any CPU
		Release|Any CPU = Release|Any CPU
	EndGlobalSection
	GlobalSection(ProjectConfigurationPlatforms) = postSolution
		{2EF97BFB-700A-4B23-AAA2-817E0C239F61}.Debug|Any CPU.ActiveCfg = Debug|Any CPU
		{2EF97BFB-700A-4B23-AAA2-817E0C239F61}.Debug|Any CPU.Build.0 = Debug|Any CPU
		{2EF97BFB-700A-4B23-AAA2-817E0C239F61}.Release|Any CPU.ActiveCfg = Release|Any CPU
		{2EF97BFB-700A-4B23-AAA2-817E0C239F61}.Release|Any CPU.Build.0 = Release|Any CPU
		{F13183A6-2728-4B3A-881B-007DAA5BFEE0}.Debug|Any CPU.ActiveCfg = Debug|Any CPU
		{F13183A6-2728-4B3A-881B-007DAA5BFEE0}.Debug|Any CPU.Build.0 = Debug|Any CPU
		{F13183A6-2728-4B3A-881B-007DAA5BFEE0}.Release|Any CPU.ActiveCfg = Release|Any CPU
		{F13183A6-2728-4B3A-881B-007DAA5BFEE0}.Release|Any CPU.Build.0 = Release|Any CPU
	EndGlobalSection
	GlobalSection(SolutionProperties) = preSolution
		HideSolutionNode = FALSE
	EndGlobalSection
	GlobalSection(ExtensibilityGlobals) = postSolution
		SolutionGuid = {B17B5CA9-BA9C-4161-BB07-085D1F15F389}
	EndGlobalSection
EndGlobal
